
Microsoft Visual Studio Solution File, Format Version 12.00
# Visual Studio Version 16
VisualStudioVersion = 16.0.29905.134
MinimumVisualStudioVersion = 10.0.40219.1
Project("{FAE04EC0-301F-11D3-BF4B-00C04F79EFBC}") = "Reflection", "Reflection\Reflection.csproj", "{1F0E4DDA-16C7-4F6A-B6C5-784B03A9EA6C}"
EndProject
Global
	GlobalSection(SolutionConfigurationPlatforms) = preSolution
		Debug|Any CPU = Debug|Any CPU
		Release|Any CPU = Release|Any CPU
	EndGlobalSection
	GlobalSection(ProjectConfigurationPlatforms) = postSolution
		{1F0E4DDA-16C7-4F6A-B6C5-784B03A9EA6C}.Debug|Any CPU.ActiveCfg = Debug|Any CPU
		{1F0E4DDA-16C7-4F6A-B6C5-784B03A9EA6C}.Debug|Any CPU.Build.0 = Debug|Any CPU
		{1F0E4DDA-16C7-4F6A-B6C5-784B03A9EA6C}.Release|Any CPU.ActiveCfg = Release|Any CPU
		{1F0E4DDA-16C7-4F6A-B6C5-784B03A9EA6C}.Release|Any CPU.Build.0 = Release|Any CPU
	EndGlobalSection
	GlobalSection(SolutionProperties) = preSolution
		HideSolutionNode = FALSE
	EndGlobalSection
	GlobalSection(ExtensibilityGlobals) = postSolution
		SolutionGuid = {9291381A-3C75-41C5-9582-C41A59F18AB7}
	EndGlobalSection
EndGlobal
